// !$*UTF8*$!
{
	archiveVersion = 1;
	classes = {
	};
	objectVersion = 46;
	objects = {

/* Begin PBXBuildFile section */
		F54258551BD99B57002AD321 /* AppDelegate.swift in Sources */ = {isa = PBXBuildFile; fileRef = F54258541BD99B57002AD321 /* AppDelegate.swift */; };
		F54258571BD99B57002AD321 /* ViewController.swift in Sources */ = {isa = PBXBuildFile; fileRef = F54258561BD99B57002AD321 /* ViewController.swift */; };
		F542585A1BD99B57002AD321 /* Main.storyboard in Resources */ = {isa = PBXBuildFile; fileRef = F54258581BD99B57002AD321 /* Main.storyboard */; };
		F542585C1BD99B57002AD321 /* Images.xcassets in Resources */ = {isa = PBXBuildFile; fileRef = F542585B1BD99B57002AD321 /* Images.xcassets */; };
		F542585F1BD99B57002AD321 /* LaunchScreen.xib in Resources */ = {isa = PBXBuildFile; fileRef = F542585D1BD99B57002AD321 /* LaunchScreen.xib */; };
		F542586B1BD99B58002AD321 /* TwTests.swift in Sources */ = {isa = PBXBuildFile; fileRef = F542586A1BD99B58002AD321 /* TwTests.swift */; };
/* End PBXBuildFile section */

/* Begin PBXContainerItemProxy section */
		F54258651BD99B58002AD321 /* PBXContainerItemProxy */ = {
			isa = PBXContainerItemProxy;
			containerPortal = F54258471BD99B56002AD321 /* Project object */;
			proxyType = 1;
			remoteGlobalIDString = F542584E1BD99B57002AD321;
			remoteInfo = Tw;
		};
/* End PBXContainerItemProxy section */

/* Begin PBXFileReference section */
		F542584F1BD99B57002AD321 /* Tw.app */ = {isa = PBXFileReference; explicitFileType = wrapper.application; includeInIndex = 0; path = Tw.app; sourceTree = BUILT_PRODUCTS_DIR; };
		F54258531BD99B57002AD321 /* Info.plist */ = {isa = PBXFileReference; lastKnownFileType = text.plist.xml; path = Info.plist; sourceTree = "<group>"; };
		F54258541BD99B57002AD321 /* AppDelegate.swift */ = {isa = PBXFileReference; lastKnownFileType = sourcecode.swift; path = AppDelegate.swift; sourceTree = "<group>"; };
		F54258561BD99B57002AD321 /* ViewController.swift */ = {isa = PBXFileReference; lastKnownFileType = sourcecode.swift; path = ViewController.swift; sourceTree = "<group>"; };
		F54258591BD99B57002AD321 /* Base */ = {isa = PBXFileReference; lastKnownFileType = file.storyboard; name = Base; path = Base.lproj/Main.storyboard; sourceTree = "<group>"; };
		F542585B1BD99B57002AD321 /* Images.xcassets */ = {isa = PBXFileReference; lastKnownFileType = folder.assetcatalog; path = Images.xcassets; sourceTree = "<group>"; };
		F542585E1BD99B57002AD321 /* Base */ = {isa = PBXFileReference; lastKnownFileType = file.xib; name = Base; path = Base.lproj/LaunchScreen.xib; sourceTree = "<group>"; };
		F54258641BD99B58002AD321 /* TwTests.xctest */ = {isa = PBXFileReference; explicitFileType = wrapper.cfbundle; includeInIndex = 0; path = TwTests.xctest; sourceTree = BUILT_PRODUCTS_DIR; };
		F54258691BD99B58002AD321 /* Info.plist */ = {isa = PBXFileReference; lastKnownFileType = text.plist.xml; path = Info.plist; sourceTree = "<group>"; };
		F542586A1BD99B58002AD321 /* TwTests.swift */ = {isa = PBXFileReference; lastKnownFileType = sourcecode.swift; path = TwTests.swift; sourceTree = "<group>"; };
/* End PBXFileReference section */

/* Begin PBXFrameworksBuildPhase section */
		F542584C1BD99B57002AD321 /* Frameworks */ = {
			isa = PBXFrameworksBuildPhase;
			buildActionMask = 2147483647;
			files = (
			);
			runOnlyForDeploymentPostprocessing = 0;
		};
		F54258611BD99B58002AD321 /* Frameworks */ = {
			isa = PBXFrameworksBuildPhase;
			buildActionMask = 2147483647;
			files = (
			);
			runOnlyForDeploymentPostprocessing = 0;
		};
/* End PBXFrameworksBuildPhase section */

/* Begin PBXGroup section */
		F54258461BD99B56002AD321 = {
			isa = PBXGroup;
			children = (
				F54258511BD99B57002AD321 /* Tw */,
				F54258671BD99B58002AD321 /* TwTests */,
				F54258501BD99B57002AD321 /* Products */,
			);
			sourceTree = "<group>";
		};
		F54258501BD99B57002AD321 /* Products */ = {
			isa = PBXGroup;
			children = (
				F542584F1BD99B57002AD321 /* Tw.app */,
				F54258641BD99B58002AD321 /* TwTests.xctest */,
			);
			name = Products;
			sourceTree = "<group>";
		};
		F54258511BD99B57002AD321 /* Tw */ = {
			isa = PBXGroup;
			children = (
				F54258541BD99B57002AD321 /* AppDelegate.swift */,
				F54258561BD99B57002AD321 /* ViewController.swift */,
				F54258581BD99B57002AD321 /* Main.storyboard */,
				F542585B1BD99B57002AD321 /* Images.xcassets */,
				F542585D1BD99B57002AD321 /* LaunchScreen.xib */,
				F54258521BD99B57002AD321 /* Supporting Files */,
			);
			path = Tw;
			sourceTree = "<group>";
		};
		F54258521BD99B57002AD321 /* Supporting Files */ = {
			isa = PBXGroup;
			children = (
				F54258531BD99B57002AD321 /* Info.plist */,
			);
			name = "Supporting Files";
			sourceTree = "<group>";
		};
		F54258671BD99B58002AD321 /* TwTests */ = {
			isa = PBXGroup;
			children = (
				F542586A1BD99B58002AD321 /* TwTests.swift */,
				F54258681BD99B58002AD321 /* Supporting Files */,
			);
			path = TwTests;
			sourceTree = "<group>";
		};
		F54258681BD99B58002AD321 /* Supporting Files */ = {
			isa = PBXGroup;
			children = (
				F54258691BD99B58002AD321 /* Info.plist */,
			);
			name = "Supporting Files";
			sourceTree = "<group>";
		};
/* End PBXGroup section */

/* Begin PBXNativeTarget section */
		F542584E1BD99B57002AD321 /* Tw */ = {
			isa = PBXNativeTarget;
			buildConfigurationList = F542586E1BD99B58002AD321 /* Build configuration list for PBXNativeTarget "Tw" */;
			buildPhases = (
				F542584B1BD99B57002AD321 /* Sources */,
				F542584C1BD99B57002AD321 /* Frameworks */,
				F542584D1BD99B57002AD321 /* Resources */,
			);
			buildRules = (
			);
			dependencies = (
			);
			name = Tw;
			productName = Tw;
			productReference = F542584F1BD99B57002AD321 /* Tw.app */;
			productType = "com.apple.product-type.application";
		};
		F54258631BD99B58002AD321 /* TwTests */ = {
			isa = PBXNativeTarget;
			buildConfigurationList = F54258711BD99B58002AD321 /* Build configuration list for PBXNativeTarget "TwTests" */;
			buildPhases = (
				F54258601BD99B58002AD321 /* Sources */,
				F54258611BD99B58002AD321 /* Frameworks */,
				F54258621BD99B58002AD321 /* Resources */,
			);
			buildRules = (
			);
			dependencies = (
				F54258661BD99B58002AD321 /* PBXTargetDependency */,
			);
			name = TwTests;
			productName = TwTests;
			productReference = F54258641BD99B58002AD321 /* TwTests.xctest */;
			productType = "com.apple.product-type.bundle.unit-test";
		};
/* End PBXNativeTarget section */

/* Begin PBXProject section */
		F54258471BD99B56002AD321 /* Project object */ = {
			isa = PBXProject;
			attributes = {
				LastUpgradeCheck = 0640;
				ORGANIZATIONNAME = Nylon;
				TargetAttributes = {
					F542584E1BD99B57002AD321 = {
						CreatedOnToolsVersion = 6.4;
					};
					F54258631BD99B58002AD321 = {
						CreatedOnToolsVersion = 6.4;
						TestTargetID = F542584E1BD99B57002AD321;
					};
				};
			};
			buildConfigurationList = F542584A1BD99B57002AD321 /* Build configuration list for PBXProject "Tw" */;
			compatibilityVersion = "Xcode 3.2";
			developmentRegion = English;
			hasScannedForEncodings = 0;
			knownRegions = (
				en,
				Base,
			);
			mainGroup = F54258461BD99B56002AD321;
			productRefGroup = F54258501BD99B57002AD321 /* Products */;
			projectDirPath = "";
			projectRoot = "";
			targets = (
				F542584E1BD99B57002AD321 /* Tw */,
				F54258631BD99B58002AD321 /* TwTests */,
			);
		};
/* End PBXProject section */

/* Begin PBXResourcesBuildPhase section */
		F542584D1BD99B57002AD321 /* Resources */ = {
			isa = PBXResourcesBuildPhase;
			buildActionMask = 2147483647;
			files = (
				F542585A1BD99B57002AD321 /* Main.storyboard in Resources */,
				F542585F1BD99B57002AD321 /* LaunchScreen.xib in Resources */,
				F542585C1BD99B57002AD321 /* Images.xcassets in Resources */,
			);
			runOnlyForDeploymentPostprocessing = 0;
		};
		F54258621BD99B58002AD321 /* Resources */ = {
			isa = PBXResourcesBuildPhase;
			buildActionMask = 2147483647;
			files = (
			);
			runOnlyForDeploymentPostprocessing = 0;
		};
/* End PBXResourcesBuildPhase section */

/* Begin PBXSourcesBuildPhase section */
		F542584B1BD99B57002AD321 /* Sources */ = {
			isa = PBXSourcesBuildPhase;
			buildActionMask = 2147483647;
			files = (
				F54258571BD99B57002AD321 /* ViewController.swift in Sources */,
				F54258551BD99B57002AD321 /* AppDelegate.swift in Sources */,
			);
			runOnlyForDeploymentPostprocessing = 0;
		};
		F54258601BD99B58002AD321 /* Sources */ = {
			isa = PBXSourcesBuildPhase;
			buildActionMask = 2147483647;
			files = (
				F542586B1BD99B58002AD321 /* TwTests.swift in Sources */,
			);
			runOnlyForDeploymentPostprocessing = 0;
		};
/* End PBXSourcesBuildPhase section */

/* Begin PBXTargetDependency section */
		F54258661BD99B58002AD321 /* PBXTargetDependency */ = {
			isa = PBXTargetDependency;
			target = F542584E1BD99B57002AD321 /* Tw */;
			targetProxy = F54258651BD99B58002AD321 /* PBXContainerItemProxy */;
		};
/* End PBXTargetDependency section */

/* Begin PBXVariantGroup section */
		F54258581BD99B57002AD321 /* Main.storyboard */ = {
			isa = PBXVariantGroup;
			children = (
				F54258591BD99B57002AD321 /* Base */,
			);
			name = Main.storyboard;
			sourceTree = "<group>";
		};
		F542585D1BD99B57002AD321 /* LaunchScreen.xib */ = {
			isa = PBXVariantGroup;
			children = (
				F542585E1BD99B57002AD321 /* Base */,
			);
			name = LaunchScreen.xib;
			sourceTree = "<group>";
		};
/* End PBXVariantGroup section */

/* Begin XCBuildConfiguration section */
		F542586C1BD99B58002AD321 /* Debug */ = {
			isa = XCBuildConfiguration;
			buildSettings = {
				ALWAYS_SEARCH_USER_PATHS = NO;
				CLANG_CXX_LANGUAGE_STANDARD = "gnu++0x";
				CLANG_CXX_LIBRARY = "libc++";
				CLANG_ENABLE_MODULES = YES;
				CLANG_ENABLE_OBJC_ARC = YES;
				CLANG_WARN_BOOL_CONVERSION = YES;
				CLANG_WARN_CONSTANT_CONVERSION = YES;
				CLANG_WARN_DIRECT_OBJC_ISA_USAGE = YES_ERROR;
				CLANG_WARN_EMPTY_BODY = YES;
				CLANG_WARN_ENUM_CONVERSION = YES;
				CLANG_WARN_INT_CONVERSION = YES;
				CLANG_WARN_OBJC_ROOT_CLASS = YES_ERROR;
				CLANG_WARN_UNREACHABLE_CODE = YES;
				CLANG_WARN__DUPLICATE_METHOD_MATCH = YES;
				"CODE_SIGN_IDENTITY[sdk=iphoneos*]" = "iPhone Developer";
				COPY_PHASE_STRIP = NO;
				DEBUG_INFORMATION_FORMAT = "dwarf-with-dsym";
				ENABLE_STRICT_OBJC_MSGSEND = YES;
				GCC_C_LANGUAGE_STANDARD = gnu99;
				GCC_DYNAMIC_NO_PIC = NO;
				GCC_NO_COMMON_BLOCKS = YES;
				GCC_OPTIMIZATION_LEVEL = 0;
				GCC_PREPROCESSOR_DEFINITIONS = (
					"DEBUG=1",
					"$(inherited)",
				);
				GCC_SYMBOLS_PRIVATE_EXTERN = NO;
				GCC_WARN_64_TO_32_BIT_CONVERSION = YES;
				GCC_WARN_ABOUT_RETURN_TYPE = YES_ERROR;
				GCC_WARN_UNDECLARED_SELECTOR = YES;
				GCC_WARN_UNINITIALIZED_AUTOS = YES_AGGRESSIVE;
				GCC_WARN_UNUSED_FUNCTION = YES;
				GCC_WARN_UNUSED_VARIABLE = YES;
				IPHONEOS_DEPLOYMENT_TARGET = 8.4;
				MTL_ENABLE_DEBUG_INFO = YES;
				ONLY_ACTIVE_ARCH = YES;
				SDKROOT = iphoneos;
				SWIFT_OPTIMIZATION_LEVEL = "-Onone";
				TARGETED_DEVICE_FAMILY = "1,2";
			};
			name = Debug;
		};
		F542586D1BD99B58002AD321 /* Release */ = {
			isa = XCBuildConfiguration;
			buildSettings = {
				ALWAYS_SEARCH_USER_PATHS = NO;
				CLANG_CXX_LANGUAGE_STANDARD = "gnu++0x";
				CLANG_CXX_LIBRARY = "libc++";
				CLANG_ENABLE_MODULES = YES;
				CLANG_ENABLE_OBJC_ARC = YES;
				CLANG_WARN_BOOL_CONVERSION = YES;
				CLANG_WARN_CONSTANT_CONVERSION = YES;
				CLANG_WARN_DIRECT_OBJC_ISA_USAGE = YES_ERROR;
				CLANG_WARN_EMPTY_BODY = YES;
				CLANG_WARN_ENUM_CONVERSION = YES;
				CLANG_WARN_INT_CONVERSION = YES;
				CLANG_WARN_OBJC_ROOT_CLASS = YES_ERROR;
				CLANG_WARN_UNREACHABLE_CODE = YES;
				CLANG_WARN__DUPLICATE_METHOD_MATCH = YES;
				"CODE_SIGN_IDENTITY[sdk=iphoneos*]" = "iPhone Developer";
				COPY_PHASE_STRIP = NO;
				DEBUG_INFORMATION_FORMAT = "dwarf-with-dsym";
				ENABLE_NS_ASSERTIONS = NO;
				ENABLE_STRICT_OBJC_MSGSEND = YES;
				GCC_C_LANGUAGE_STANDARD = gnu99;
				GCC_NO_COMMON_BLOCKS = YES;
				GCC_WARN_64_TO_32_BIT_CONVERSION = YES;
				GCC_WARN_ABOUT_RETURN_TYPE = YES_ERROR;
				GCC_WARN_UNDECLARED_SELECTOR = YES;
				GCC_WARN_UNINITIALIZED_AUTOS = YES_AGGRESSIVE;
				GCC_WARN_UNUSED_FUNCTION = YES;
				GCC_WARN_UNUSED_VARIABLE = YES;
				IPHONEOS_DEPLOYMENT_TARGET = 8.4;
				MTL_ENABLE_DEBUG_INFO = NO;
				SDKROOT = iphoneos;
				TARGETED_DEVICE_FAMILY = "1,2";
				VALIDATE_PRODUCT = YES;
			};
			name = Release;
		};
		F542586F1BD99B58002AD321 /* Debug */ = {
			isa = XCBuildConfiguration;
			buildSettings = {
				ASSETCATALOG_COMPILER_APPICON_NAME = AppIcon;
				INFOPLIST_FILE = Tw/Info.plist;
				LD_RUNPATH_SEARCH_PATHS = "$(inherited) @executable_path/Frameworks";
				PRODUCT_NAME = "$(TARGET_NAME)";
			};
			name = Debug;
		};
		F54258701BD99B58002AD321 /* Release */ = {
			isa = XCBuildConfiguration;
			buildSettings = {
				ASSETCATALOG_COMPILER_APPICON_NAME = AppIcon;
				INFOPLIST_FILE = Tw/Info.plist;
				LD_RUNPATH_SEARCH_PATHS = "$(inherited) @executable_path/Frameworks";
				PRODUCT_NAME = "$(TARGET_NAME)";
			};
			name = Release;
		};
		F54258721BD99B58002AD321 /* Debug */ = {
			isa = XCBuildConfiguration;
			buildSettings = {
				BUNDLE_LOADER = "$(TEST_HOST)";
				FRAMEWORK_SEARCH_PATHS = (
					"$(SDKROOT)/Developer/Library/Frameworks",
					"$(inherited)",
				);
				GCC_PREPROCESSOR_DEFINITIONS = (
					"DEBUG=1",
					"$(inherited)",
				);
				INFOPLIST_FILE = TwTests/Info.plist;
				LD_RUNPATH_SEARCH_PATHS = "$(inherited) @executable_path/Frameworks @loader_path/Frameworks";
				PRODUCT_NAME = "$(TARGET_NAME)";
				TEST_HOST = "$(BUILT_PRODUCTS_DIR)/Tw.app/Tw";
			};
			name = Debug;
		};
		F54258731BD99B58002AD321 /* Release */ = {
			isa = XCBuildConfiguration;
			buildSettings = {
				BUNDLE_LOADER = "$(TEST_HOST)";
				FRAMEWORK_SEARCH_PATHS = (
					"$(SDKROOT)/Developer/Library/Frameworks",
					"$(inherited)",
				);
				INFOPLIST_FILE = TwTests/Info.plist;
				LD_RUNPATH_SEARCH_PATHS = "$(inherited) @executable_path/Frameworks @loader_path/Frameworks";
				PRODUCT_NAME = "$(TARGET_NAME)";
				TEST_HOST = "$(BUILT_PRODUCTS_DIR)/Tw.app/Tw";
			};
			name = Release;
		};
/* End XCBuildConfiguration section */

/* Begin XCConfigurationList section */
		F542584A1BD99B57002AD321 /* Build configuration list for PBXProject "Tw" */ = {
			isa = XCConfigurationList;
			buildConfigurations = (
				F542586C1BD99B58002AD321 /* Debug */,
				F542586D1BD99B58002AD321 /* Release */,
			);
			defaultConfigurationIsVisible = 0;
			defaultConfigurationName = Release;
		};
		F542586E1BD99B58002AD321 /* Build configuration list for PBXNativeTarget "Tw" */ = {
			isa = XCConfigurationList;
			buildConfigurations = (
				F542586F1BD99B58002AD321 /* Debug */,
				F54258701BD99B58002AD321 /* Release */,
			);
			defaultConfigurationIsVisible = 0;
		};
		F54258711BD99B58002AD321 /* Build configuration list for PBXNativeTarget "TwTests" */ = {
			isa = XCConfigurationList;
			buildConfigurations = (
				F54258721BD99B58002AD321 /* Debug */,
				F54258731BD99B58002AD321 /* Release */,
			);
			defaultConfigurationIsVisible = 0;
		};
/* End XCConfigurationList section */
	};
	rootObject = F54258471BD99B56002AD321 /* Project object */;
}
